// !$*UTF8*$!
{
	archiveVersion = 1;
	classes = {
	};
	objectVersion = 56;
	objects = {

/* Begin PBXBuildFile section */
		B23EAFEA2935B2630048E6ED /* AudiSwiftUIAppApp.swift in Sources */ = {isa = PBXBuildFile; fileRef = B23EAFE92935B2630048E6ED /* AudiSwiftUIAppApp.swift */; };
		B23EAFEC2935B2630048E6ED /* ContentView.swift in Sources */ = {isa = PBXBuildFile; fileRef = B23EAFEB2935B2630048E6ED /* ContentView.swift */; };
		B23EAFEE2935B2650048E6ED /* Assets.xcassets in Resources */ = {isa = PBXBuildFile; fileRef = B23EAFED2935B2650048E6ED /* Assets.xcassets */; };
		B23EAFF12935B2650048E6ED /* Preview Assets.xcassets in Resources */ = {isa = PBXBuildFile; fileRef = B23EAFF02935B2650048E6ED /* Preview Assets.xcassets */; };
		B2A819E82935B535007E01AB /* Kingfisher in Frameworks */ = {isa = PBXBuildFile; productRef = B2A819E72935B535007E01AB /* Kingfisher */; };
		B2A819EB2935B59D007E01AB /* Lottie in Frameworks */ = {isa = PBXBuildFile; productRef = B2A819EA2935B59D007E01AB /* Lottie */; };
		B2BDCE742936E8E700BC93CE /* AudiModelsView.swift in Sources */ = {isa = PBXBuildFile; fileRef = B2BDCE732936E8E700BC93CE /* AudiModelsView.swift */; };
		B2BDCE772936EAB000BC93CE /* AudiCarModel.swift in Sources */ = {isa = PBXBuildFile; fileRef = B2BDCE762936EAB000BC93CE /* AudiCarModel.swift */; };
		B2BDCE7A2936EAFC00BC93CE /* AudiCarVersion.swift in Sources */ = {isa = PBXBuildFile; fileRef = B2BDCE792936EAFC00BC93CE /* AudiCarVersion.swift */; };
		B2BDCE7E2936EDDE00BC93CE /* AudiModelGridView.swift in Sources */ = {isa = PBXBuildFile; fileRef = B2BDCE7D2936EDDE00BC93CE /* AudiModelGridView.swift */; };
/* End PBXBuildFile section */

/* Begin PBXFileReference section */
		B23EAFE62935B2630048E6ED /* AudiSwiftUIApp.app */ = {isa = PBXFileReference; explicitFileType = wrapper.application; includeInIndex = 0; path = AudiSwiftUIApp.app; sourceTree = BUILT_PRODUCTS_DIR; };
		B23EAFE92935B2630048E6ED /* AudiSwiftUIAppApp.swift */ = {isa = PBXFileReference; lastKnownFileType = sourcecode.swift; path = AudiSwiftUIAppApp.swift; sourceTree = "<group>"; };
		B23EAFEB2935B2630048E6ED /* ContentView.swift */ = {isa = PBXFileReference; lastKnownFileType = sourcecode.swift; path = ContentView.swift; sourceTree = "<group>"; };
		B23EAFED2935B2650048E6ED /* Assets.xcassets */ = {isa = PBXFileReference; lastKnownFileType = folder.assetcatalog; path = Assets.xcassets; sourceTree = "<group>"; };
		B23EAFF02935B2650048E6ED /* Preview Assets.xcassets */ = {isa = PBXFileReference; lastKnownFileType = folder.assetcatalog; path = "Preview Assets.xcassets"; sourceTree = "<group>"; };
		B2BDCE732936E8E700BC93CE /* AudiModelsView.swift */ = {isa = PBXFileReference; lastKnownFileType = sourcecode.swift; path = AudiModelsView.swift; sourceTree = "<group>"; };
		B2BDCE762936EAB000BC93CE /* AudiCarModel.swift */ = {isa = PBXFileReference; lastKnownFileType = sourcecode.swift; path = AudiCarModel.swift; sourceTree = "<group>"; };
		B2BDCE792936EAFC00BC93CE /* AudiCarVersion.swift */ = {isa = PBXFileReference; lastKnownFileType = sourcecode.swift; path = AudiCarVersion.swift; sourceTree = "<group>"; };
		B2BDCE7D2936EDDE00BC93CE /* AudiModelGridView.swift */ = {isa = PBXFileReference; lastKnownFileType = sourcecode.swift; path = AudiModelGridView.swift; sourceTree = "<group>"; };
/* End PBXFileReference section */

/* Begin PBXFrameworksBuildPhase section */
		B23EAFE32935B2630048E6ED /* Frameworks */ = {
			isa = PBXFrameworksBuildPhase;
			buildActionMask = 2147483647;
			files = (
				B2A819E82935B535007E01AB /* Kingfisher in Frameworks */,
				B2A819EB2935B59D007E01AB /* Lottie in Frameworks */,
			);
			runOnlyForDeploymentPostprocessing = 0;
		};
/* End PBXFrameworksBuildPhase section */

/* Begin PBXGroup section */
		B23EAFDD2935B2630048E6ED = {
			isa = PBXGroup;
			children = (
				B23EAFE82935B2630048E6ED /* AudiSwiftUIApp */,
				B23EAFE72935B2630048E6ED /* Products */,
			);
			sourceTree = "<group>";
		};
		B23EAFE72935B2630048E6ED /* Products */ = {
			isa = PBXGroup;
			children = (
				B23EAFE62935B2630048E6ED /* AudiSwiftUIApp.app */,
			);
			name = Products;
			sourceTree = "<group>";
		};
		B23EAFE82935B2630048E6ED /* AudiSwiftUIApp */ = {
			isa = PBXGroup;
			children = (
				B2BDCE7B2936EC9A00BC93CE /* Views */,
				B2BDCE752936EA9500BC93CE /* Models */,
				B2BDCE712936E89E00BC93CE /* Modules */,
				B23EAFE92935B2630048E6ED /* AudiSwiftUIAppApp.swift */,
				B23EAFEB2935B2630048E6ED /* ContentView.swift */,
				B23EAFED2935B2650048E6ED /* Assets.xcassets */,
				B23EAFEF2935B2650048E6ED /* Preview Content */,
			);
			path = AudiSwiftUIApp;
			sourceTree = "<group>";
		};
		B23EAFEF2935B2650048E6ED /* Preview Content */ = {
			isa = PBXGroup;
			children = (
				B23EAFF02935B2650048E6ED /* Preview Assets.xcassets */,
			);
			path = "Preview Content";
			sourceTree = "<group>";
		};
		B2BDCE712936E89E00BC93CE /* Modules */ = {
			isa = PBXGroup;
			children = (
				B2BDCE722936E8B600BC93CE /* AudiModels */,
			);
			path = Modules;
			sourceTree = "<group>";
		};
		B2BDCE722936E8B600BC93CE /* AudiModels */ = {
			isa = PBXGroup;
			children = (
				B2BDCE732936E8E700BC93CE /* AudiModelsView.swift */,
			);
			path = AudiModels;
			sourceTree = "<group>";
		};
		B2BDCE752936EA9500BC93CE /* Models */ = {
			isa = PBXGroup;
			children = (
				B2BDCE762936EAB000BC93CE /* AudiCarModel.swift */,
				B2BDCE792936EAFC00BC93CE /* AudiCarVersion.swift */,
			);
			path = Models;
			sourceTree = "<group>";
		};
		B2BDCE7B2936EC9A00BC93CE /* Views */ = {
			isa = PBXGroup;
			children = (
				B2BDCE7C2936ECA900BC93CE /* AudiModelGridView */,
			);
			path = Views;
			sourceTree = "<group>";
		};
		B2BDCE7C2936ECA900BC93CE /* AudiModelGridView */ = {
			isa = PBXGroup;
			children = (
				B2BDCE7D2936EDDE00BC93CE /* AudiModelGridView.swift */,
			);
			path = AudiModelGridView;
			sourceTree = "<group>";
		};
/* End PBXGroup section */

/* Begin PBXNativeTarget section */
		B23EAFE52935B2630048E6ED /* AudiSwiftUIApp */ = {
			isa = PBXNativeTarget;
			buildConfigurationList = B23EAFF42935B2650048E6ED /* Build configuration list for PBXNativeTarget "AudiSwiftUIApp" */;
			buildPhases = (
				B23EAFE22935B2630048E6ED /* Sources */,
				B23EAFE32935B2630048E6ED /* Frameworks */,
				B23EAFE42935B2630048E6ED /* Resources */,
			);
			buildRules = (
			);
			dependencies = (
			);
			name = AudiSwiftUIApp;
			packageProductDependencies = (
				B2A819E72935B535007E01AB /* Kingfisher */,
				B2A819EA2935B59D007E01AB /* Lottie */,
			);
			productName = AudiSwiftUIApp;
			productReference = B23EAFE62935B2630048E6ED /* AudiSwiftUIApp.app */;
			productType = "com.apple.product-type.application";
		};
/* End PBXNativeTarget section */

/* Begin PBXProject section */
		B23EAFDE2935B2630048E6ED /* Project object */ = {
			isa = PBXProject;
			attributes = {
				BuildIndependentTargetsInParallel = 1;
				LastSwiftUpdateCheck = 1410;
				LastUpgradeCheck = 1410;
				TargetAttributes = {
					B23EAFE52935B2630048E6ED = {
						CreatedOnToolsVersion = 14.1;
					};
				};
			};
			buildConfigurationList = B23EAFE12935B2630048E6ED /* Build configuration list for PBXProject "AudiSwiftUIApp" */;
			compatibilityVersion = "Xcode 14.0";
			developmentRegion = en;
			hasScannedForEncodings = 0;
			knownRegions = (
				en,
				Base,
			);
			mainGroup = B23EAFDD2935B2630048E6ED;
			packageReferences = (
				B2A819E62935B535007E01AB /* XCRemoteSwiftPackageReference "Kingfisher" */,
				B2A819E92935B59D007E01AB /* XCRemoteSwiftPackageReference "lottie-ios" */,
			);
			productRefGroup = B23EAFE72935B2630048E6ED /* Products */;
			projectDirPath = "";
			projectRoot = "";
			targets = (
				B23EAFE52935B2630048E6ED /* AudiSwiftUIApp */,
			);
		};
/* End PBXProject section */

/* Begin PBXResourcesBuildPhase section */
		B23EAFE42935B2630048E6ED /* Resources */ = {
			isa = PBXResourcesBuildPhase;
			buildActionMask = 2147483647;
			files = (
				B23EAFF12935B2650048E6ED /* Preview Assets.xcassets in Resources */,
				B23EAFEE2935B2650048E6ED /* Assets.xcassets in Resources */,
			);
			runOnlyForDeploymentPostprocessing = 0;
		};
/* End PBXResourcesBuildPhase section */

/* Begin PBXSourcesBuildPhase section */
		B23EAFE22935B2630048E6ED /* Sources */ = {
			isa = PBXSourcesBuildPhase;
			buildActionMask = 2147483647;
			files = (
				B2BDCE7A2936EAFC00BC93CE /* AudiCarVersion.swift in Sources */,
				B23EAFEC2935B2630048E6ED /* ContentView.swift in Sources */,
				B23EAFEA2935B2630048E6ED /* AudiSwiftUIAppApp.swift in Sources */,
				B2BDCE742936E8E700BC93CE /* AudiModelsView.swift in Sources */,
				B2BDCE772936EAB000BC93CE /* AudiCarModel.swift in Sources */,
				B2BDCE7E2936EDDE00BC93CE /* AudiModelGridView.swift in Sources */,
			);
			runOnlyForDeploymentPostprocessing = 0;
		};
/* End PBXSourcesBuildPhase section */

/* Begin XCBuildConfiguration section */
		B23EAFF22935B2650048E6ED /* Debug */ = {
			isa = XCBuildConfiguration;
			buildSettings = {
				ALWAYS_SEARCH_USER_PATHS = NO;
				CLANG_ANALYZER_NONNULL = YES;
				CLANG_ANALYZER_NUMBER_OBJECT_CONVERSION = YES_AGGRESSIVE;
				CLANG_CXX_LANGUAGE_STANDARD = "gnu++20";
				CLANG_ENABLE_MODULES = YES;
				CLANG_ENABLE_OBJC_ARC = YES;
				CLANG_ENABLE_OBJC_WEAK = YES;
				CLANG_WARN_BLOCK_CAPTURE_AUTORELEASING = YES;
				CLANG_WARN_BOOL_CONVERSION = YES;
				CLANG_WARN_COMMA = YES;
				CLANG_WARN_CONSTANT_CONVERSION = YES;
				CLANG_WARN_DEPRECATED_OBJC_IMPLEMENTATIONS = YES;
				CLANG_WARN_DIRECT_OBJC_ISA_USAGE = YES_ERROR;
				CLANG_WARN_DOCUMENTATION_COMMENTS = YES;
				CLANG_WARN_EMPTY_BODY = YES;
				CLANG_WARN_ENUM_CONVERSION = YES;
				CLANG_WARN_INFINITE_RECURSION = YES;
				CLANG_WARN_INT_CONVERSION = YES;
				CLANG_WARN_NON_LITERAL_NULL_CONVERSION = YES;
				CLANG_WARN_OBJC_IMPLICIT_RETAIN_SELF = YES;
				CLANG_WARN_OBJC_LITERAL_CONVERSION = YES;
				CLANG_WARN_OBJC_ROOT_CLASS = YES_ERROR;
				CLANG_WARN_QUOTED_INCLUDE_IN_FRAMEWORK_HEADER = YES;
				CLANG_WARN_RANGE_LOOP_ANALYSIS = YES;
				CLANG_WARN_STRICT_PROTOTYPES = YES;
				CLANG_WARN_SUSPICIOUS_MOVE = YES;
				CLANG_WARN_UNGUARDED_AVAILABILITY = YES_AGGRESSIVE;
				CLANG_WARN_UNREACHABLE_CODE = YES;
				CLANG_WARN__DUPLICATE_METHOD_MATCH = YES;
				COPY_PHASE_STRIP = NO;
				DEBUG_INFORMATION_FORMAT = dwarf;
				ENABLE_STRICT_OBJC_MSGSEND = YES;
				ENABLE_TESTABILITY = YES;
				GCC_C_LANGUAGE_STANDARD = gnu11;
				GCC_DYNAMIC_NO_PIC = NO;
				GCC_NO_COMMON_BLOCKS = YES;
				GCC_OPTIMIZATION_LEVEL = 0;
				GCC_PREPROCESSOR_DEFINITIONS = (
					"DEBUG=1",
					"$(inherited)",
				);
				GCC_WARN_64_TO_32_BIT_CONVERSION = YES;
				GCC_WARN_ABOUT_RETURN_TYPE = YES_ERROR;
				GCC_WARN_UNDECLARED_SELECTOR = YES;
				GCC_WARN_UNINITIALIZED_AUTOS = YES_AGGRESSIVE;
				GCC_WARN_UNUSED_FUNCTION = YES;
				GCC_WARN_UNUSED_VARIABLE = YES;
				IPHONEOS_DEPLOYMENT_TARGET = 16.1;
				MTL_ENABLE_DEBUG_INFO = INCLUDE_SOURCE;
				MTL_FAST_MATH = YES;
				ONLY_ACTIVE_ARCH = YES;
				SDKROOT = iphoneos;
				SWIFT_ACTIVE_COMPILATION_CONDITIONS = DEBUG;
				SWIFT_OPTIMIZATION_LEVEL = "-Onone";
			};
			name = Debug;
		};
		B23EAFF32935B2650048E6ED /* Release */ = {
			isa = XCBuildConfiguration;
			buildSettings = {
				ALWAYS_SEARCH_USER_PATHS = NO;
				CLANG_ANALYZER_NONNULL = YES;
				CLANG_ANALYZER_NUMBER_OBJECT_CONVERSION = YES_AGGRESSIVE;
				CLANG_CXX_LANGUAGE_STANDARD = "gnu++20";
				CLANG_ENABLE_MODULES = YES;
				CLANG_ENABLE_OBJC_ARC = YES;
				CLANG_ENABLE_OBJC_WEAK = YES;
				CLANG_WARN_BLOCK_CAPTURE_AUTORELEASING = YES;
				CLANG_WARN_BOOL_CONVERSION = YES;
				CLANG_WARN_COMMA = YES;
				CLANG_WARN_CONSTANT_CONVERSION = YES;
				CLANG_WARN_DEPRECATED_OBJC_IMPLEMENTATIONS = YES;
				CLANG_WARN_DIRECT_OBJC_ISA_USAGE = YES_ERROR;
				CLANG_WARN_DOCUMENTATION_COMMENTS = YES;
				CLANG_WARN_EMPTY_BODY = YES;
				CLANG_WARN_ENUM_CONVERSION = YES;
				CLANG_WARN_INFINITE_RECURSION = YES;
				CLANG_WARN_INT_CONVERSION = YES;
				CLANG_WARN_NON_LITERAL_NULL_CONVERSION = YES;
				CLANG_WARN_OBJC_IMPLICIT_RETAIN_SELF = YES;
				CLANG_WARN_OBJC_LITERAL_CONVERSION = YES;
				CLANG_WARN_OBJC_ROOT_CLASS = YES_ERROR;
				CLANG_WARN_QUOTED_INCLUDE_IN_FRAMEWORK_HEADER = YES;
				CLANG_WARN_RANGE_LOOP_ANALYSIS = YES;
				CLANG_WARN_STRICT_PROTOTYPES = YES;
				CLANG_WARN_SUSPICIOUS_MOVE = YES;
				CLANG_WARN_UNGUARDED_AVAILABILITY = YES_AGGRESSIVE;
				CLANG_WARN_UNREACHABLE_CODE = YES;
				CLANG_WARN__DUPLICATE_METHOD_MATCH = YES;
				COPY_PHASE_STRIP = NO;
				DEBUG_INFORMATION_FORMAT = "dwarf-with-dsym";
				ENABLE_NS_ASSERTIONS = NO;
				ENABLE_STRICT_OBJC_MSGSEND = YES;
				GCC_C_LANGUAGE_STANDARD = gnu11;
				GCC_NO_COMMON_BLOCKS = YES;
				GCC_WARN_64_TO_32_BIT_CONVERSION = YES;
				GCC_WARN_ABOUT_RETURN_TYPE = YES_ERROR;
				GCC_WARN_UNDECLARED_SELECTOR = YES;
				GCC_WARN_UNINITIALIZED_AUTOS = YES_AGGRESSIVE;
				GCC_WARN_UNUSED_FUNCTION = YES;
				GCC_WARN_UNUSED_VARIABLE = YES;
				IPHONEOS_DEPLOYMENT_TARGET = 16.1;
				MTL_ENABLE_DEBUG_INFO = NO;
				MTL_FAST_MATH = YES;
				SDKROOT = iphoneos;
				SWIFT_COMPILATION_MODE = wholemodule;
				SWIFT_OPTIMIZATION_LEVEL = "-O";
				VALIDATE_PRODUCT = YES;
			};
			name = Release;
		};
		B23EAFF52935B2650048E6ED /* Debug */ = {
			isa = XCBuildConfiguration;
			buildSettings = {
				ASSETCATALOG_COMPILER_APPICON_NAME = AppIcon;
				ASSETCATALOG_COMPILER_GLOBAL_ACCENT_COLOR_NAME = AccentColor;
				CODE_SIGN_STYLE = Automatic;
				CURRENT_PROJECT_VERSION = 1;
				DEVELOPMENT_ASSET_PATHS = "\"AudiSwiftUIApp/Preview Content\"";
				DEVELOPMENT_TEAM = S8N34947Y9;
				ENABLE_PREVIEWS = YES;
				GENERATE_INFOPLIST_FILE = YES;
				INFOPLIST_KEY_UIApplicationSceneManifest_Generation = YES;
				INFOPLIST_KEY_UIApplicationSupportsIndirectInputEvents = YES;
				INFOPLIST_KEY_UILaunchScreen_Generation = YES;
				INFOPLIST_KEY_UISupportedInterfaceOrientations_iPad = "UIInterfaceOrientationPortrait UIInterfaceOrientationPortraitUpsideDown UIInterfaceOrientationLandscapeLeft UIInterfaceOrientationLandscapeRight";
				INFOPLIST_KEY_UISupportedInterfaceOrientations_iPhone = "UIInterfaceOrientationPortrait UIInterfaceOrientationLandscapeLeft UIInterfaceOrientationLandscapeRight";
				LD_RUNPATH_SEARCH_PATHS = (
					"$(inherited)",
					"@executable_path/Frameworks",
				);
				MARKETING_VERSION = 1.0;
				PRODUCT_BUNDLE_IDENTIFIER = com.demo.AudiSwiftUIApp;
				PRODUCT_NAME = "$(TARGET_NAME)";
				SWIFT_EMIT_LOC_STRINGS = YES;
				SWIFT_VERSION = 5.0;
				TARGETED_DEVICE_FAMILY = "1,2";
			};
			name = Debug;
		};
		B23EAFF62935B2650048E6ED /* Release */ = {
			isa = XCBuildConfiguration;
			buildSettings = {
				ASSETCATALOG_COMPILER_APPICON_NAME = AppIcon;
				ASSETCATALOG_COMPILER_GLOBAL_ACCENT_COLOR_NAME = AccentColor;
				CODE_SIGN_STYLE = Automatic;
				CURRENT_PROJECT_VERSION = 1;
				DEVELOPMENT_ASSET_PATHS = "\"AudiSwiftUIApp/Preview Content\"";
				DEVELOPMENT_TEAM = S8N34947Y9;
				ENABLE_PREVIEWS = YES;
				GENERATE_INFOPLIST_FILE = YES;
				INFOPLIST_KEY_UIApplicationSceneManifest_Generation = YES;
				INFOPLIST_KEY_UIApplicationSupportsIndirectInputEvents = YES;
				INFOPLIST_KEY_UILaunchScreen_Generation = YES;
				INFOPLIST_KEY_UISupportedInterfaceOrientations_iPad = "UIInterfaceOrientationPortrait UIInterfaceOrientationPortraitUpsideDown UIInterfaceOrientationLandscapeLeft UIInterfaceOrientationLandscapeRight";
				INFOPLIST_KEY_UISupportedInterfaceOrientations_iPhone = "UIInterfaceOrientationPortrait UIInterfaceOrientationLandscapeLeft UIInterfaceOrientationLandscapeRight";
				LD_RUNPATH_SEARCH_PATHS = (
					"$(inherited)",
					"@executable_path/Frameworks",
				);
				MARKETING_VERSION = 1.0;
				PRODUCT_BUNDLE_IDENTIFIER = com.demo.AudiSwiftUIApp;
				PRODUCT_NAME = "$(TARGET_NAME)";
				SWIFT_EMIT_LOC_STRINGS = YES;
				SWIFT_VERSION = 5.0;
				TARGETED_DEVICE_FAMILY = "1,2";
			};
			name = Release;
		};
/* End XCBuildConfiguration section */

/* Begin XCConfigurationList section */
		B23EAFE12935B2630048E6ED /* Build configuration list for PBXProject "AudiSwiftUIApp" */ = {
			isa = XCConfigurationList;
			buildConfigurations = (
				B23EAFF22935B2650048E6ED /* Debug */,
				B23EAFF32935B2650048E6ED /* Release */,
			);
			defaultConfigurationIsVisible = 0;
			defaultConfigurationName = Release;
		};
		B23EAFF42935B2650048E6ED /* Build configuration list for PBXNativeTarget "AudiSwiftUIApp" */ = {
			isa = XCConfigurationList;
			buildConfigurations = (
				B23EAFF52935B2650048E6ED /* Debug */,
				B23EAFF62935B2650048E6ED /* Release */,
			);
			defaultConfigurationIsVisible = 0;
			defaultConfigurationName = Release;
		};
/* End XCConfigurationList section */

/* Begin XCRemoteSwiftPackageReference section */
		B2A819E62935B535007E01AB /* XCRemoteSwiftPackageReference "Kingfisher" */ = {
			isa = XCRemoteSwiftPackageReference;
			repositoryURL = "https://github.com/onevcat/Kingfisher.git";
			requirement = {
				branch = master;
				kind = branch;
			};
		};
		B2A819E92935B59D007E01AB /* XCRemoteSwiftPackageReference "lottie-ios" */ = {
			isa = XCRemoteSwiftPackageReference;
			repositoryURL = "https://github.com/airbnb/lottie-ios";
			requirement = {
				branch = master;
				kind = branch;
			};
		};
/* End XCRemoteSwiftPackageReference section */

/* Begin XCSwiftPackageProductDependency section */
		B2A819E72935B535007E01AB /* Kingfisher */ = {
			isa = XCSwiftPackageProductDependency;
			package = B2A819E62935B535007E01AB /* XCRemoteSwiftPackageReference "Kingfisher" */;
			productName = Kingfisher;
		};
		B2A819EA2935B59D007E01AB /* Lottie */ = {
			isa = XCSwiftPackageProductDependency;
			package = B2A819E92935B59D007E01AB /* XCRemoteSwiftPackageReference "lottie-ios" */;
			productName = Lottie;
		};
/* End XCSwiftPackageProductDependency section */
	};
	rootObject = B23EAFDE2935B2630048E6ED /* Project object */;
}
